
Microsoft Visual Studio Solution File, Format Version 12.00
# Visual Studio Version 17
VisualStudioVersion = 17.5.002.0
MinimumVisualStudioVersion = 10.0.40219.1
Project("{2150E333-8FDC-42A3-9474-1A3956D46DE8}") = "src", "src", "{3ACEEDC3-F8FE-4654-A1FF-73333137E55A}"
EndProject
Project("{9A19103F-16F7-4668-BE54-9A1E7A4F7556}") = "Log.API", "src\Log.API\Log.API.csproj", "{1F4FC9E8-213A-46EA-AB5A-4CF0DD5D58DD}"
EndProject
Project("{9A19103F-16F7-4668-BE54-9A1E7A4F7556}") = "Log.Application", "src\Log.Application\Log.Application.csproj", "{5BCBC985-A606-4006-8A24-8B4768E26CFA}"
EndProject
Project("{9A19103F-16F7-4668-BE54-9A1E7A4F7556}") = "Log.Contract", "src\Log.Contract\Log.Contract.csproj", "{E5DADC52-9084-4C1D-A21D-8110AF94F390}"
EndProject
Project("{9A19103F-16F7-4668-BE54-9A1E7A4F7556}") = "Log.Domain", "src\Log.Domain\Log.Domain.csproj", "{FB1889E0-38F1-4EA9-AAB5-2D90B0C70E03}"
EndProject
Project("{9A19103F-16F7-4668-BE54-9A1E7A4F7556}") = "Log.Persistence", "src\Log.Persistence\Log.Persistence.csproj", "{5E33EC4A-EE60-4F2C-9849-B7BB9B391FCB}"
EndProject
Global
	GlobalSection(SolutionConfigurationPlatforms) = preSolution
		Debug|Any CPU = Debug|Any CPU
		Release|Any CPU = Release|Any CPU
	EndGlobalSection
	GlobalSection(ProjectConfigurationPlatforms) = postSolution
		{1F4FC9E8-213A-46EA-AB5A-4CF0DD5D58DD}.Debug|Any CPU.ActiveCfg = Debug|Any CPU
		{1F4FC9E8-213A-46EA-AB5A-4CF0DD5D58DD}.Debug|Any CPU.Build.0 = Debug|Any CPU
		{1F4FC9E8-213A-46EA-AB5A-4CF0DD5D58DD}.Release|Any CPU.ActiveCfg = Release|Any CPU
		{1F4FC9E8-213A-46EA-AB5A-4CF0DD5D58DD}.Release|Any CPU.Build.0 = Release|Any CPU
		{5BCBC985-A606-4006-8A24-8B4768E26CFA}.Debug|Any CPU.ActiveCfg = Debug|Any CPU
		{5BCBC985-A606-4006-8A24-8B4768E26CFA}.Debug|Any CPU.Build.0 = Debug|Any CPU
		{5BCBC985-A606-4006-8A24-8B4768E26CFA}.Release|Any CPU.ActiveCfg = Release|Any CPU
		{5BCBC985-A606-4006-8A24-8B4768E26CFA}.Release|Any CPU.Build.0 = Release|Any CPU
		{E5DADC52-9084-4C1D-A21D-8110AF94F390}.Debug|Any CPU.ActiveCfg = Debug|Any CPU
		{E5DADC52-9084-4C1D-A21D-8110AF94F390}.Debug|Any CPU.Build.0 = Debug|Any CPU
		{E5DADC52-9084-4C1D-A21D-8110AF94F390}.Release|Any CPU.ActiveCfg = Release|Any CPU
		{E5DADC52-9084-4C1D-A21D-8110AF94F390}.Release|Any CPU.Build.0 = Release|Any CPU
		{FB1889E0-38F1-4EA9-AAB5-2D90B0C70E03}.Debug|Any CPU.ActiveCfg = Debug|Any CPU
		{FB1889E0-38F1-4EA9-AAB5-2D90B0C70E03}.Debug|Any CPU.Build.0 = Debug|Any CPU
		{FB1889E0-38F1-4EA9-AAB5-2D90B0C70E03}.Release|Any CPU.ActiveCfg = Release|Any CPU
		{FB1889E0-38F1-4EA9-AAB5-2D90B0C70E03}.Release|Any CPU.Build.0 = Release|Any CPU
		{5E33EC4A-EE60-4F2C-9849-B7BB9B391FCB}.Debug|Any CPU.ActiveCfg = Debug|Any CPU
		{5E33EC4A-EE60-4F2C-9849-B7BB9B391FCB}.Debug|Any CPU.Build.0 = Debug|Any CPU
		{5E33EC4A-EE60-4F2C-9849-B7BB9B391FCB}.Release|Any CPU.ActiveCfg = Release|Any CPU
		{5E33EC4A-EE60-4F2C-9849-B7BB9B391FCB}.Release|Any CPU.Build.0 = Release|Any CPU
	EndGlobalSection
	GlobalSection(SolutionProperties) = preSolution
		HideSolutionNode = FALSE
	EndGlobalSection
	GlobalSection(NestedProjects) = preSolution
		{1F4FC9E8-213A-46EA-AB5A-4CF0DD5D58DD} = {3ACEEDC3-F8FE-4654-A1FF-73333137E55A}
		{5BCBC985-A606-4006-8A24-8B4768E26CFA} = {3ACEEDC3-F8FE-4654-A1FF-73333137E55A}
		{E5DADC52-9084-4C1D-A21D-8110AF94F390} = {3ACEEDC3-F8FE-4654-A1FF-73333137E55A}
		{FB1889E0-38F1-4EA9-AAB5-2D90B0C70E03} = {3ACEEDC3-F8FE-4654-A1FF-73333137E55A}
		{5E33EC4A-EE60-4F2C-9849-B7BB9B391FCB} = {3ACEEDC3-F8FE-4654-A1FF-73333137E55A}
	EndGlobalSection
	GlobalSection(ExtensibilityGlobals) = postSolution
		SolutionGuid = {ECC3BF11-56FA-476A-B478-89D7240FE57E}
	EndGlobalSection
EndGlobal
